
Microsoft Visual Studio Solution File, Format Version 12.00
# Visual Studio 15
VisualStudioVersion = 15.0.28307.168
MinimumVisualStudioVersion = 10.0.40219.1
Project("{FAE04EC0-301F-11D3-BF4B-00C04F79EFBC}") = "WeekTwoInclassProject", "WeekTwoInclassProject\WeekTwoInclassProject.csproj", "{3B944EAD-819C-41A5-8AE3-44FFC78B07A8}"
EndProject
Global
	GlobalSection(SolutionConfigurationPlatforms) = preSolution
		Debug|Any CPU = Debug|Any CPU
		Release|Any CPU = Release|Any CPU
	EndGlobalSection
	GlobalSection(ProjectConfigurationPlatforms) = postSolution
		{3B944EAD-819C-41A5-8AE3-44FFC78B07A8}.Debug|Any CPU.ActiveCfg = Debug|Any CPU
		{3B944EAD-819C-41A5-8AE3-44FFC78B07A8}.Debug|Any CPU.Build.0 = Debug|Any CPU
		{3B944EAD-819C-41A5-8AE3-44FFC78B07A8}.Release|Any CPU.ActiveCfg = Release|Any CPU
		{3B944EAD-819C-41A5-8AE3-44FFC78B07A8}.Release|Any CPU.Build.0 = Release|Any CPU
	EndGlobalSection
	GlobalSection(SolutionProperties) = preSolution
		HideSolutionNode = FALSE
	EndGlobalSection
	GlobalSection(ExtensibilityGlobals) = postSolution
		SolutionGuid = {8F8FC83B-17DB-4929-B1C5-AAD54432CDD5}
	EndGlobalSection
EndGlobal
